
Microsoft Visual Studio Solution File, Format Version 12.00
# Visual Studio 2012
Project("{FAE04EC0-301F-11D3-BF4B-00C04F79EFBC}") = "MTMHelper", "MSCOMTFS\MTMHelper.csproj", "{390AB391-9C19-415F-AC37-D7AA6504E65A}"
EndProject
Project("{FAE04EC0-301F-11D3-BF4B-00C04F79EFBC}") = "WorkItemsMigrate", "WorkItemsMigrate\WorkItemsMigrate.csproj", "{B610389F-C11C-4C03-8237-645DB5485199}"
EndProject
Global
	GlobalSection(TeamFoundationVersionControl) = preSolution
		SccNumberOfProjects = 3
		SccEnterpriseProvider = {4CA58AB2-18FA-4F8D-95D4-32DDF27D184C}
		SccTeamFoundationServer = http://msitvstf1:8080/tfs/tpc1
		SccLocalPath0 = .
		SccProjectUniqueName1 = MSCOMTFS\\MTMHelper.csproj
		SccProjectName1 = MSCOMTFS
		SccLocalPath1 = MSCOMTFS
		SccProjectUniqueName2 = WorkItemsMigrate\\WorkItemsMigrate.csproj
		SccProjectName2 = WorkItemsMigrate
		SccLocalPath2 = WorkItemsMigrate
	EndGlobalSection
	GlobalSection(SolutionConfigurationPlatforms) = preSolution
		Debug|Any CPU = Debug|Any CPU
		Release|Any CPU = Release|Any CPU
	EndGlobalSection
	GlobalSection(ProjectConfigurationPlatforms) = postSolution
		{390AB391-9C19-415F-AC37-D7AA6504E65A}.Debug|Any CPU.ActiveCfg = Debug|Any CPU
		{390AB391-9C19-415F-AC37-D7AA6504E65A}.Debug|Any CPU.Build.0 = Debug|Any CPU
		{390AB391-9C19-415F-AC37-D7AA6504E65A}.Release|Any CPU.ActiveCfg = Release|Any CPU
		{390AB391-9C19-415F-AC37-D7AA6504E65A}.Release|Any CPU.Build.0 = Release|Any CPU
		{B610389F-C11C-4C03-8237-645DB5485199}.Debug|Any CPU.ActiveCfg = Debug|Any CPU
		{B610389F-C11C-4C03-8237-645DB5485199}.Debug|Any CPU.Build.0 = Debug|Any CPU
		{B610389F-C11C-4C03-8237-645DB5485199}.Release|Any CPU.ActiveCfg = Release|Any CPU
		{B610389F-C11C-4C03-8237-645DB5485199}.Release|Any CPU.Build.0 = Release|Any CPU
	EndGlobalSection
	GlobalSection(SolutionProperties) = preSolution
		HideSolutionNode = FALSE
	EndGlobalSection
EndGlobal
